
Microsoft Visual Studio Solution File, Format Version 12.00
# Visual Studio 15
VisualStudioVersion = 15.0.27130.2026
MinimumVisualStudioVersion = 10.0.40219.1
Project("{00D1A9C2-B5F0-4AF3-8072-F6C62B433612}") = "ADF-ConfigurationDB", "ADF-ConfigurationDB\ADF-ConfigurationDB.sqlproj", "{5F125B34-53F9-4BD7-B863-39CFB2CA166C}"
EndProject
Project("{00D1A9C2-B5F0-4AF3-8072-F6C62B433612}") = "ADF-SampleSourceDB", "ADF-SampleSourceDB\ADF-SampleSourceDB.sqlproj", "{ACB469DF-A92E-4694-BE95-C2B9F78DEADC}"
EndProject
Global
	GlobalSection(SolutionConfigurationPlatforms) = preSolution
		Debug|Any CPU = Debug|Any CPU
		Release|Any CPU = Release|Any CPU
	EndGlobalSection
	GlobalSection(ProjectConfigurationPlatforms) = postSolution
		{5F125B34-53F9-4BD7-B863-39CFB2CA166C}.Debug|Any CPU.ActiveCfg = Debug|Any CPU
		{5F125B34-53F9-4BD7-B863-39CFB2CA166C}.Debug|Any CPU.Build.0 = Debug|Any CPU
		{5F125B34-53F9-4BD7-B863-39CFB2CA166C}.Debug|Any CPU.Deploy.0 = Debug|Any CPU
		{5F125B34-53F9-4BD7-B863-39CFB2CA166C}.Release|Any CPU.ActiveCfg = Release|Any CPU
		{5F125B34-53F9-4BD7-B863-39CFB2CA166C}.Release|Any CPU.Build.0 = Release|Any CPU
		{5F125B34-53F9-4BD7-B863-39CFB2CA166C}.Release|Any CPU.Deploy.0 = Release|Any CPU
		{ACB469DF-A92E-4694-BE95-C2B9F78DEADC}.Debug|Any CPU.ActiveCfg = Debug|Any CPU
		{ACB469DF-A92E-4694-BE95-C2B9F78DEADC}.Debug|Any CPU.Build.0 = Debug|Any CPU
		{ACB469DF-A92E-4694-BE95-C2B9F78DEADC}.Debug|Any CPU.Deploy.0 = Debug|Any CPU
		{ACB469DF-A92E-4694-BE95-C2B9F78DEADC}.Release|Any CPU.ActiveCfg = Release|Any CPU
		{ACB469DF-A92E-4694-BE95-C2B9F78DEADC}.Release|Any CPU.Build.0 = Release|Any CPU
		{ACB469DF-A92E-4694-BE95-C2B9F78DEADC}.Release|Any CPU.Deploy.0 = Release|Any CPU
	EndGlobalSection
	GlobalSection(SolutionProperties) = preSolution
		HideSolutionNode = FALSE
	EndGlobalSection
	GlobalSection(ExtensibilityGlobals) = postSolution
		SolutionGuid = {44DFF9F7-5AC2-449D-A687-CFF92FA5767B}
	EndGlobalSection
EndGlobal
